
Microsoft Visual Studio Solution File, Format Version 12.00
# Visual Studio Version 17
VisualStudioVersion = 17.14.36616.10 d17.14
MinimumVisualStudioVersion = 10.0.40219.1
Project("{FAE04EC0-301F-11D3-BF4B-00C04F79EFBC}") = "Assiament_session1_OOP", "Assiament_session1_OOP\Assiament_session1_OOP.csproj", "{EBFFA9DF-859C-4576-AA4A-AC1F8ABB6A0D}"
EndProject
Global
	GlobalSection(SolutionConfigurationPlatforms) = preSolution
		Debug|Any CPU = Debug|Any CPU
		Release|Any CPU = Release|Any CPU
	EndGlobalSection
	GlobalSection(ProjectConfigurationPlatforms) = postSolution
		{EBFFA9DF-859C-4576-AA4A-AC1F8ABB6A0D}.Debug|Any CPU.ActiveCfg = Debug|Any CPU
		{EBFFA9DF-859C-4576-AA4A-AC1F8ABB6A0D}.Debug|Any CPU.Build.0 = Debug|Any CPU
		{EBFFA9DF-859C-4576-AA4A-AC1F8ABB6A0D}.Release|Any CPU.ActiveCfg = Release|Any CPU
		{EBFFA9DF-859C-4576-AA4A-AC1F8ABB6A0D}.Release|Any CPU.Build.0 = Release|Any CPU
	EndGlobalSection
	GlobalSection(SolutionProperties) = preSolution
		HideSolutionNode = FALSE
	EndGlobalSection
	GlobalSection(ExtensibilityGlobals) = postSolution
		SolutionGuid = {6735AC7E-E9C3-4C04-B447-8F6D1D3B57D7}
	EndGlobalSection
EndGlobal
